
Microsoft Visual Studio Solution File, Format Version 12.00
Project("{FAE04EC0-301F-11D3-BF4B-00C04F79EFBC}") = "NavigationMVVM", "NavigationMVVM\NavigationMVVM.csproj", "{070761E3-25F2-4E69-A513-4D3C36A520C5}"
EndProject
Project("{FAE04EC0-301F-11D3-BF4B-00C04F79EFBC}") = "Ch02NavigationMVVM", "Ch02NavigationMVVM\Ch02NavigationMVVM.csproj", "{2D3F2590-4E5B-4553-8EDA-161812367BFC}"
EndProject
Project("{FAE04EC0-301F-11D3-BF4B-00C04F79EFBC}") = "Ch03NavigationMVVM", "Ch03NavigationMVVM\Ch03NavigationMVVM.csproj", "{067F6F5C-B964-47E5-9E81-713759068235}"
EndProject
Project("{FAE04EC0-301F-11D3-BF4B-00C04F79EFBC}") = "Ch04NavigationMVVM", "Ch04NavigationMVVM\Ch04NavigationMVVM.csproj", "{E38D0CE5-6563-4C26-A118-3C8289DB8E1E}"
EndProject
Project("{FAE04EC0-301F-11D3-BF4B-00C04F79EFBC}") = "AmazingNavigation", "AmazingNavigation\AmazingNavigation.csproj", "{42B42FFD-D3AC-4BD1-8AB2-0C4CA40B617D}"
EndProject
Project("{FAE04EC0-301F-11D3-BF4B-00C04F79EFBC}") = "Ch05NavigationMVVM", "Ch05NavigationMVVM\Ch05NavigationMVVM.csproj", "{4379BA6E-2B43-4813-95EB-86802E1CBD4D}"
EndProject
Project("{FAE04EC0-301F-11D3-BF4B-00C04F79EFBC}") = "Ch07NavigationMVVM", "Ch07NavigationMVVM\Ch07NavigationMVVM.csproj", "{FD95F300-6386-481A-9A3F-C8E68BAC6867}"
EndProject
Project("{FAE04EC0-301F-11D3-BF4B-00C04F79EFBC}") = "Ch08NavigationMVVM", "Ch08NavigationMVVM\Ch08NavigationMVVM.csproj", "{ECB7776E-6DEE-4E1D-9635-EF1539F988B9}"
EndProject
Project("{FAE04EC0-301F-11D3-BF4B-00C04F79EFBC}") = "Ch09NavigationMVVM", "Ch09NavigationMVVM\Ch09NavigationMVVM.csproj", "{959FE8F5-9505-4147-9752-E67BF031BCD1}"
EndProject
Project("{FAE04EC0-301F-11D3-BF4B-00C04F79EFBC}") = "AmazingNavigation2", "AmazingNavigation2\AmazingNavigation2.csproj", "{F404A948-E544-450A-9B18-6AB6385C2ED2}"
EndProject
Project("{FAE04EC0-301F-11D3-BF4B-00C04F79EFBC}") = "LoadingSpinnerControl", "LoadingSpinnerControl\LoadingSpinnerControl.csproj", "{910773DC-F46A-42D9-B55F-EEC914C9B580}"
EndProject
Project("{FAE04EC0-301F-11D3-BF4B-00C04F79EFBC}") = "LoadingSpinnerDemo", "LoadingSpinnerDemo\LoadingSpinnerDemo.csproj", "{709A40BE-034C-44F4-B8E6-6EFD2349FF2F}"
EndProject
Project("{FAE04EC0-301F-11D3-BF4B-00C04F79EFBC}") = "CustomControlsLibrary", "CustomControlsLibrary\CustomControlsLibrary.csproj", "{9AB2C703-F8A9-409A-B3D4-A35866E6AAC1}"
EndProject
Global
	GlobalSection(SolutionConfigurationPlatforms) = preSolution
		Debug|Any CPU = Debug|Any CPU
		Release|Any CPU = Release|Any CPU
	EndGlobalSection
	GlobalSection(ProjectConfigurationPlatforms) = postSolution
		{070761E3-25F2-4E69-A513-4D3C36A520C5}.Debug|Any CPU.ActiveCfg = Debug|Any CPU
		{070761E3-25F2-4E69-A513-4D3C36A520C5}.Debug|Any CPU.Build.0 = Debug|Any CPU
		{070761E3-25F2-4E69-A513-4D3C36A520C5}.Release|Any CPU.ActiveCfg = Release|Any CPU
		{070761E3-25F2-4E69-A513-4D3C36A520C5}.Release|Any CPU.Build.0 = Release|Any CPU
		{2D3F2590-4E5B-4553-8EDA-161812367BFC}.Debug|Any CPU.ActiveCfg = Debug|Any CPU
		{2D3F2590-4E5B-4553-8EDA-161812367BFC}.Debug|Any CPU.Build.0 = Debug|Any CPU
		{2D3F2590-4E5B-4553-8EDA-161812367BFC}.Release|Any CPU.ActiveCfg = Release|Any CPU
		{2D3F2590-4E5B-4553-8EDA-161812367BFC}.Release|Any CPU.Build.0 = Release|Any CPU
		{067F6F5C-B964-47E5-9E81-713759068235}.Debug|Any CPU.ActiveCfg = Debug|Any CPU
		{067F6F5C-B964-47E5-9E81-713759068235}.Debug|Any CPU.Build.0 = Debug|Any CPU
		{067F6F5C-B964-47E5-9E81-713759068235}.Release|Any CPU.ActiveCfg = Release|Any CPU
		{067F6F5C-B964-47E5-9E81-713759068235}.Release|Any CPU.Build.0 = Release|Any CPU
		{E38D0CE5-6563-4C26-A118-3C8289DB8E1E}.Debug|Any CPU.ActiveCfg = Debug|Any CPU
		{E38D0CE5-6563-4C26-A118-3C8289DB8E1E}.Debug|Any CPU.Build.0 = Debug|Any CPU
		{E38D0CE5-6563-4C26-A118-3C8289DB8E1E}.Release|Any CPU.ActiveCfg = Release|Any CPU
		{E38D0CE5-6563-4C26-A118-3C8289DB8E1E}.Release|Any CPU.Build.0 = Release|Any CPU
		{42B42FFD-D3AC-4BD1-8AB2-0C4CA40B617D}.Debug|Any CPU.ActiveCfg = Debug|Any CPU
		{42B42FFD-D3AC-4BD1-8AB2-0C4CA40B617D}.Debug|Any CPU.Build.0 = Debug|Any CPU
		{42B42FFD-D3AC-4BD1-8AB2-0C4CA40B617D}.Release|Any CPU.ActiveCfg = Release|Any CPU
		{42B42FFD-D3AC-4BD1-8AB2-0C4CA40B617D}.Release|Any CPU.Build.0 = Release|Any CPU
		{4379BA6E-2B43-4813-95EB-86802E1CBD4D}.Debug|Any CPU.ActiveCfg = Debug|Any CPU
		{4379BA6E-2B43-4813-95EB-86802E1CBD4D}.Debug|Any CPU.Build.0 = Debug|Any CPU
		{4379BA6E-2B43-4813-95EB-86802E1CBD4D}.Release|Any CPU.ActiveCfg = Release|Any CPU
		{4379BA6E-2B43-4813-95EB-86802E1CBD4D}.Release|Any CPU.Build.0 = Release|Any CPU
		{FD95F300-6386-481A-9A3F-C8E68BAC6867}.Debug|Any CPU.ActiveCfg = Debug|Any CPU
		{FD95F300-6386-481A-9A3F-C8E68BAC6867}.Debug|Any CPU.Build.0 = Debug|Any CPU
		{FD95F300-6386-481A-9A3F-C8E68BAC6867}.Release|Any CPU.ActiveCfg = Release|Any CPU
		{FD95F300-6386-481A-9A3F-C8E68BAC6867}.Release|Any CPU.Build.0 = Release|Any CPU
		{ECB7776E-6DEE-4E1D-9635-EF1539F988B9}.Debug|Any CPU.ActiveCfg = Debug|Any CPU
		{ECB7776E-6DEE-4E1D-9635-EF1539F988B9}.Debug|Any CPU.Build.0 = Debug|Any CPU
		{ECB7776E-6DEE-4E1D-9635-EF1539F988B9}.Release|Any CPU.ActiveCfg = Release|Any CPU
		{ECB7776E-6DEE-4E1D-9635-EF1539F988B9}.Release|Any CPU.Build.0 = Release|Any CPU
		{959FE8F5-9505-4147-9752-E67BF031BCD1}.Debug|Any CPU.ActiveCfg = Debug|Any CPU
		{959FE8F5-9505-4147-9752-E67BF031BCD1}.Debug|Any CPU.Build.0 = Debug|Any CPU
		{959FE8F5-9505-4147-9752-E67BF031BCD1}.Release|Any CPU.ActiveCfg = Release|Any CPU
		{959FE8F5-9505-4147-9752-E67BF031BCD1}.Release|Any CPU.Build.0 = Release|Any CPU
		{F404A948-E544-450A-9B18-6AB6385C2ED2}.Debug|Any CPU.ActiveCfg = Debug|Any CPU
		{F404A948-E544-450A-9B18-6AB6385C2ED2}.Debug|Any CPU.Build.0 = Debug|Any CPU
		{F404A948-E544-450A-9B18-6AB6385C2ED2}.Release|Any CPU.ActiveCfg = Release|Any CPU
		{F404A948-E544-450A-9B18-6AB6385C2ED2}.Release|Any CPU.Build.0 = Release|Any CPU
		{910773DC-F46A-42D9-B55F-EEC914C9B580}.Debug|Any CPU.ActiveCfg = Debug|Any CPU
		{910773DC-F46A-42D9-B55F-EEC914C9B580}.Debug|Any CPU.Build.0 = Debug|Any CPU
		{910773DC-F46A-42D9-B55F-EEC914C9B580}.Release|Any CPU.ActiveCfg = Release|Any CPU
		{910773DC-F46A-42D9-B55F-EEC914C9B580}.Release|Any CPU.Build.0 = Release|Any CPU
		{709A40BE-034C-44F4-B8E6-6EFD2349FF2F}.Debug|Any CPU.ActiveCfg = Debug|Any CPU
		{709A40BE-034C-44F4-B8E6-6EFD2349FF2F}.Debug|Any CPU.Build.0 = Debug|Any CPU
		{709A40BE-034C-44F4-B8E6-6EFD2349FF2F}.Release|Any CPU.ActiveCfg = Release|Any CPU
		{709A40BE-034C-44F4-B8E6-6EFD2349FF2F}.Release|Any CPU.Build.0 = Release|Any CPU
		{9AB2C703-F8A9-409A-B3D4-A35866E6AAC1}.Debug|Any CPU.ActiveCfg = Debug|Any CPU
		{9AB2C703-F8A9-409A-B3D4-A35866E6AAC1}.Debug|Any CPU.Build.0 = Debug|Any CPU
		{9AB2C703-F8A9-409A-B3D4-A35866E6AAC1}.Release|Any CPU.ActiveCfg = Release|Any CPU
		{9AB2C703-F8A9-409A-B3D4-A35866E6AAC1}.Release|Any CPU.Build.0 = Release|Any CPU
	EndGlobalSection
EndGlobal
